
Microsoft Visual Studio Solution File, Format Version 12.00
# Visual Studio 15
VisualStudioVersion = 15.0.26228.4
MinimumVisualStudioVersion = 10.0.40219.1
Project("{FAE04EC0-301F-11D3-BF4B-00C04F79EFBC}") = "FAQPhone.Android", "FAQPhone\FAQPhone.Android\FAQPhone.Android.csproj", "{860E25F0-D5DC-48C9-BDCF-7FE1CD863BE6}"
EndProject
Project("{FAE04EC0-301F-11D3-BF4B-00C04F79EFBC}") = "FAQPhone", "FAQPhone\FAQPhone\FAQPhone.csproj", "{2D06751E-B266-40DF-BB70-AF76B0BE0824}"
EndProject
Project("{FAE04EC0-301F-11D3-BF4B-00C04F79EFBC}") = "FAQPhone.UWP", "FAQPhone\FAQPhone.UWP\FAQPhone.UWP.csproj", "{49C74F14-BB22-4C03-A926-D898DDC5552E}"
EndProject
Project("{FAE04EC0-301F-11D3-BF4B-00C04F79EFBC}") = "FAQPhone.iOS", "FAQPhone\FAQPhone.iOS\FAQPhone.iOS.csproj", "{CB73F703-37FF-4A01-81B7-DDB82EA2BBE6}"
EndProject
Project("{2150E333-8FDC-42A3-9474-1A3956D46DE8}") = "Solution Items", "Solution Items", "{FCECF46D-2019-43DB-9CDC-75D16F129F21}"
	ProjectSection(SolutionItems) = preProject
		README.txt = README.txt
	EndProjectSection
EndProject
Global
	GlobalSection(SolutionConfigurationPlatforms) = preSolution
		Ad-Hoc|Any CPU = Ad-Hoc|Any CPU
		Ad-Hoc|ARM = Ad-Hoc|ARM
		Ad-Hoc|iPhone = Ad-Hoc|iPhone
		Ad-Hoc|iPhoneSimulator = Ad-Hoc|iPhoneSimulator
		Ad-Hoc|x64 = Ad-Hoc|x64
		Ad-Hoc|x86 = Ad-Hoc|x86
		AppStore|Any CPU = AppStore|Any CPU
		AppStore|ARM = AppStore|ARM
		AppStore|iPhone = AppStore|iPhone
		AppStore|iPhoneSimulator = AppStore|iPhoneSimulator
		AppStore|x64 = AppStore|x64
		AppStore|x86 = AppStore|x86
		Debug|Any CPU = Debug|Any CPU
		Debug|ARM = Debug|ARM
		Debug|iPhone = Debug|iPhone
		Debug|iPhoneSimulator = Debug|iPhoneSimulator
		Debug|x64 = Debug|x64
		Debug|x86 = Debug|x86
		Release|Any CPU = Release|Any CPU
		Release|ARM = Release|ARM
		Release|iPhone = Release|iPhone
		Release|iPhoneSimulator = Release|iPhoneSimulator
		Release|x64 = Release|x64
		Release|x86 = Release|x86
	EndGlobalSection
	GlobalSection(ProjectConfigurationPlatforms) = postSolution
		{860E25F0-D5DC-48C9-BDCF-7FE1CD863BE6}.Ad-Hoc|Any CPU.ActiveCfg = Release|Any CPU
		{860E25F0-D5DC-48C9-BDCF-7FE1CD863BE6}.Ad-Hoc|Any CPU.Build.0 = Release|Any CPU
		{860E25F0-D5DC-48C9-BDCF-7FE1CD863BE6}.Ad-Hoc|Any CPU.Deploy.0 = Release|Any CPU
		{860E25F0-D5DC-48C9-BDCF-7FE1CD863BE6}.Ad-Hoc|ARM.ActiveCfg = Release|Any CPU
		{860E25F0-D5DC-48C9-BDCF-7FE1CD863BE6}.Ad-Hoc|ARM.Build.0 = Release|Any CPU
		{860E25F0-D5DC-48C9-BDCF-7FE1CD863BE6}.Ad-Hoc|ARM.Deploy.0 = Release|Any CPU
		{860E25F0-D5DC-48C9-BDCF-7FE1CD863BE6}.Ad-Hoc|iPhone.ActiveCfg = Release|Any CPU
		{860E25F0-D5DC-48C9-BDCF-7FE1CD863BE6}.Ad-Hoc|iPhone.Build.0 = Release|Any CPU
		{860E25F0-D5DC-48C9-BDCF-7FE1CD863BE6}.Ad-Hoc|iPhone.Deploy.0 = Release|Any CPU
		{860E25F0-D5DC-48C9-BDCF-7FE1CD863BE6}.Ad-Hoc|iPhoneSimulator.ActiveCfg = Release|Any CPU
		{860E25F0-D5DC-48C9-BDCF-7FE1CD863BE6}.Ad-Hoc|iPhoneSimulator.Build.0 = Release|Any CPU
		{860E25F0-D5DC-48C9-BDCF-7FE1CD863BE6}.Ad-Hoc|iPhoneSimulator.Deploy.0 = Release|Any CPU
		{860E25F0-D5DC-48C9-BDCF-7FE1CD863BE6}.Ad-Hoc|x64.ActiveCfg = Release|Any CPU
		{860E25F0-D5DC-48C9-BDCF-7FE1CD863BE6}.Ad-Hoc|x64.Build.0 = Release|Any CPU
		{860E25F0-D5DC-48C9-BDCF-7FE1CD863BE6}.Ad-Hoc|x64.Deploy.0 = Release|Any CPU
		{860E25F0-D5DC-48C9-BDCF-7FE1CD863BE6}.Ad-Hoc|x86.ActiveCfg = Release|Any CPU
		{860E25F0-D5DC-48C9-BDCF-7FE1CD863BE6}.Ad-Hoc|x86.Build.0 = Release|Any CPU
		{860E25F0-D5DC-48C9-BDCF-7FE1CD863BE6}.Ad-Hoc|x86.Deploy.0 = Release|Any CPU
		{860E25F0-D5DC-48C9-BDCF-7FE1CD863BE6}.AppStore|Any CPU.ActiveCfg = Release|Any CPU
		{860E25F0-D5DC-48C9-BDCF-7FE1CD863BE6}.AppStore|Any CPU.Build.0 = Release|Any CPU
		{860E25F0-D5DC-48C9-BDCF-7FE1CD863BE6}.AppStore|Any CPU.Deploy.0 = Release|Any CPU
		{860E25F0-D5DC-48C9-BDCF-7FE1CD863BE6}.AppStore|ARM.ActiveCfg = Release|Any CPU
		{860E25F0-D5DC-48C9-BDCF-7FE1CD863BE6}.AppStore|ARM.Build.0 = Release|Any CPU
		{860E25F0-D5DC-48C9-BDCF-7FE1CD863BE6}.AppStore|ARM.Deploy.0 = Release|Any CPU
		{860E25F0-D5DC-48C9-BDCF-7FE1CD863BE6}.AppStore|iPhone.ActiveCfg = Release|Any CPU
		{860E25F0-D5DC-48C9-BDCF-7FE1CD863BE6}.AppStore|iPhone.Build.0 = Release|Any CPU
		{860E25F0-D5DC-48C9-BDCF-7FE1CD863BE6}.AppStore|iPhone.Deploy.0 = Release|Any CPU
		{860E25F0-D5DC-48C9-BDCF-7FE1CD863BE6}.AppStore|iPhoneSimulator.ActiveCfg = Release|Any CPU
		{860E25F0-D5DC-48C9-BDCF-7FE1CD863BE6}.AppStore|iPhoneSimulator.Build.0 = Release|Any CPU
		{860E25F0-D5DC-48C9-BDCF-7FE1CD863BE6}.AppStore|iPhoneSimulator.Deploy.0 = Release|Any CPU
		{860E25F0-D5DC-48C9-BDCF-7FE1CD863BE6}.AppStore|x64.ActiveCfg = Release|Any CPU
		{860E25F0-D5DC-48C9-BDCF-7FE1CD863BE6}.AppStore|x64.Build.0 = Release|Any CPU
		{860E25F0-D5DC-48C9-BDCF-7FE1CD863BE6}.AppStore|x64.Deploy.0 = Release|Any CPU
		{860E25F0-D5DC-48C9-BDCF-7FE1CD863BE6}.AppStore|x86.ActiveCfg = Release|Any CPU
		{860E25F0-D5DC-48C9-BDCF-7FE1CD863BE6}.AppStore|x86.Build.0 = Release|Any CPU
		{860E25F0-D5DC-48C9-BDCF-7FE1CD863BE6}.AppStore|x86.Deploy.0 = Release|Any CPU
		{860E25F0-D5DC-48C9-BDCF-7FE1CD863BE6}.Debug|Any CPU.ActiveCfg = Debug|Any CPU
		{860E25F0-D5DC-48C9-BDCF-7FE1CD863BE6}.Debug|Any CPU.Build.0 = Debug|Any CPU
		{860E25F0-D5DC-48C9-BDCF-7FE1CD863BE6}.Debug|Any CPU.Deploy.0 = Debug|Any CPU
		{860E25F0-D5DC-48C9-BDCF-7FE1CD863BE6}.Debug|ARM.ActiveCfg = Debug|Any CPU
		{860E25F0-D5DC-48C9-BDCF-7FE1CD863BE6}.Debug|ARM.Build.0 = Debug|Any CPU
		{860E25F0-D5DC-48C9-BDCF-7FE1CD863BE6}.Debug|ARM.Deploy.0 = Debug|Any CPU
		{860E25F0-D5DC-48C9-BDCF-7FE1CD863BE6}.Debug|iPhone.ActiveCfg = Debug|Any CPU
		{860E25F0-D5DC-48C9-BDCF-7FE1CD863BE6}.Debug|iPhone.Build.0 = Debug|Any CPU
		{860E25F0-D5DC-48C9-BDCF-7FE1CD863BE6}.Debug|iPhone.Deploy.0 = Debug|Any CPU
		{860E25F0-D5DC-48C9-BDCF-7FE1CD863BE6}.Debug|iPhoneSimulator.ActiveCfg = Debug|Any CPU
		{860E25F0-D5DC-48C9-BDCF-7FE1CD863BE6}.Debug|iPhoneSimulator.Build.0 = Debug|Any CPU
		{860E25F0-D5DC-48C9-BDCF-7FE1CD863BE6}.Debug|iPhoneSimulator.Deploy.0 = Debug|Any CPU
		{860E25F0-D5DC-48C9-BDCF-7FE1CD863BE6}.Debug|x64.ActiveCfg = Debug|Any CPU
		{860E25F0-D5DC-48C9-BDCF-7FE1CD863BE6}.Debug|x64.Build.0 = Debug|Any CPU
		{860E25F0-D5DC-48C9-BDCF-7FE1CD863BE6}.Debug|x64.Deploy.0 = Debug|Any CPU
		{860E25F0-D5DC-48C9-BDCF-7FE1CD863BE6}.Debug|x86.ActiveCfg = Debug|Any CPU
		{860E25F0-D5DC-48C9-BDCF-7FE1CD863BE6}.Debug|x86.Build.0 = Debug|Any CPU
		{860E25F0-D5DC-48C9-BDCF-7FE1CD863BE6}.Debug|x86.Deploy.0 = Debug|Any CPU
		{860E25F0-D5DC-48C9-BDCF-7FE1CD863BE6}.Release|Any CPU.ActiveCfg = Release|Any CPU
		{860E25F0-D5DC-48C9-BDCF-7FE1CD863BE6}.Release|Any CPU.Build.0 = Release|Any CPU
		{860E25F0-D5DC-48C9-BDCF-7FE1CD863BE6}.Release|Any CPU.Deploy.0 = Release|Any CPU
		{860E25F0-D5DC-48C9-BDCF-7FE1CD863BE6}.Release|ARM.ActiveCfg = Release|Any CPU
		{860E25F0-D5DC-48C9-BDCF-7FE1CD863BE6}.Release|ARM.Build.0 = Release|Any CPU
		{860E25F0-D5DC-48C9-BDCF-7FE1CD863BE6}.Release|ARM.Deploy.0 = Release|Any CPU
		{860E25F0-D5DC-48C9-BDCF-7FE1CD863BE6}.Release|iPhone.ActiveCfg = Release|Any CPU
		{860E25F0-D5DC-48C9-BDCF-7FE1CD863BE6}.Release|iPhone.Build.0 = Release|Any CPU
		{860E25F0-D5DC-48C9-BDCF-7FE1CD863BE6}.Release|iPhone.Deploy.0 = Release|Any CPU
		{860E25F0-D5DC-48C9-BDCF-7FE1CD863BE6}.Release|iPhoneSimulator.ActiveCfg = Release|Any CPU
		{860E25F0-D5DC-48C9-BDCF-7FE1CD863BE6}.Release|iPhoneSimulator.Build.0 = Release|Any CPU
		{860E25F0-D5DC-48C9-BDCF-7FE1CD863BE6}.Release|iPhoneSimulator.Deploy.0 = Release|Any CPU
		{860E25F0-D5DC-48C9-BDCF-7FE1CD863BE6}.Release|x64.ActiveCfg = Release|Any CPU
		{860E25F0-D5DC-48C9-BDCF-7FE1CD863BE6}.Release|x64.Build.0 = Release|Any CPU
		{860E25F0-D5DC-48C9-BDCF-7FE1CD863BE6}.Release|x64.Deploy.0 = Release|Any CPU
		{860E25F0-D5DC-48C9-BDCF-7FE1CD863BE6}.Release|x86.ActiveCfg = Release|Any CPU
		{860E25F0-D5DC-48C9-BDCF-7FE1CD863BE6}.Release|x86.Build.0 = Release|Any CPU
		{860E25F0-D5DC-48C9-BDCF-7FE1CD863BE6}.Release|x86.Deploy.0 = Release|Any CPU
		{2D06751E-B266-40DF-BB70-AF76B0BE0824}.Ad-Hoc|Any CPU.ActiveCfg = Release|Any CPU
		{2D06751E-B266-40DF-BB70-AF76B0BE0824}.Ad-Hoc|Any CPU.Build.0 = Release|Any CPU
		{2D06751E-B266-40DF-BB70-AF76B0BE0824}.Ad-Hoc|ARM.ActiveCfg = Release|Any CPU
		{2D06751E-B266-40DF-BB70-AF76B0BE0824}.Ad-Hoc|ARM.Build.0 = Release|Any CPU
		{2D06751E-B266-40DF-BB70-AF76B0BE0824}.Ad-Hoc|iPhone.ActiveCfg = Release|Any CPU
		{2D06751E-B266-40DF-BB70-AF76B0BE0824}.Ad-Hoc|iPhone.Build.0 = Release|Any CPU
		{2D06751E-B266-40DF-BB70-AF76B0BE0824}.Ad-Hoc|iPhoneSimulator.ActiveCfg = Release|Any CPU
		{2D06751E-B266-40DF-BB70-AF76B0BE0824}.Ad-Hoc|iPhoneSimulator.Build.0 = Release|Any CPU
		{2D06751E-B266-40DF-BB70-AF76B0BE0824}.Ad-Hoc|x64.ActiveCfg = Release|Any CPU
		{2D06751E-B266-40DF-BB70-AF76B0BE0824}.Ad-Hoc|x64.Build.0 = Release|Any CPU
		{2D06751E-B266-40DF-BB70-AF76B0BE0824}.Ad-Hoc|x86.ActiveCfg = Release|Any CPU
		{2D06751E-B266-40DF-BB70-AF76B0BE0824}.Ad-Hoc|x86.Build.0 = Release|Any CPU
		{2D06751E-B266-40DF-BB70-AF76B0BE0824}.AppStore|Any CPU.ActiveCfg = Release|Any CPU
		{2D06751E-B266-40DF-BB70-AF76B0BE0824}.AppStore|Any CPU.Build.0 = Release|Any CPU
		{2D06751E-B266-40DF-BB70-AF76B0BE0824}.AppStore|ARM.ActiveCfg = Release|Any CPU
		{2D06751E-B266-40DF-BB70-AF76B0BE0824}.AppStore|ARM.Build.0 = Release|Any CPU
		{2D06751E-B266-40DF-BB70-AF76B0BE0824}.AppStore|iPhone.ActiveCfg = Release|Any CPU
		{2D06751E-B266-40DF-BB70-AF76B0BE0824}.AppStore|iPhone.Build.0 = Release|Any CPU
		{2D06751E-B266-40DF-BB70-AF76B0BE0824}.AppStore|iPhoneSimulator.ActiveCfg = Release|Any CPU
		{2D06751E-B266-40DF-BB70-AF76B0BE0824}.AppStore|iPhoneSimulator.Build.0 = Release|Any CPU
		{2D06751E-B266-40DF-BB70-AF76B0BE0824}.AppStore|x64.ActiveCfg = Release|Any CPU
		{2D06751E-B266-40DF-BB70-AF76B0BE0824}.AppStore|x64.Build.0 = Release|Any CPU
		{2D06751E-B266-40DF-BB70-AF76B0BE0824}.AppStore|x86.ActiveCfg = Release|Any CPU
		{2D06751E-B266-40DF-BB70-AF76B0BE0824}.AppStore|x86.Build.0 = Release|Any CPU
		{2D06751E-B266-40DF-BB70-AF76B0BE0824}.Debug|Any CPU.ActiveCfg = Debug|Any CPU
		{2D06751E-B266-40DF-BB70-AF76B0BE0824}.Debug|Any CPU.Build.0 = Debug|Any CPU
		{2D06751E-B266-40DF-BB70-AF76B0BE0824}.Debug|ARM.ActiveCfg = Debug|Any CPU
		{2D06751E-B266-40DF-BB70-AF76B0BE0824}.Debug|ARM.Build.0 = Debug|Any CPU
		{2D06751E-B266-40DF-BB70-AF76B0BE0824}.Debug|iPhone.ActiveCfg = Debug|Any CPU
		{2D06751E-B266-40DF-BB70-AF76B0BE0824}.Debug|iPhone.Build.0 = Debug|Any CPU
		{2D06751E-B266-40DF-BB70-AF76B0BE0824}.Debug|iPhoneSimulator.ActiveCfg = Debug|Any CPU
		{2D06751E-B266-40DF-BB70-AF76B0BE0824}.Debug|iPhoneSimulator.Build.0 = Debug|Any CPU
		{2D06751E-B266-40DF-BB70-AF76B0BE0824}.Debug|x64.ActiveCfg = Debug|Any CPU
		{2D06751E-B266-40DF-BB70-AF76B0BE0824}.Debug|x64.Build.0 = Debug|Any CPU
		{2D06751E-B266-40DF-BB70-AF76B0BE0824}.Debug|x86.ActiveCfg = Debug|Any CPU
		{2D06751E-B266-40DF-BB70-AF76B0BE0824}.Debug|x86.Build.0 = Debug|Any CPU
		{2D06751E-B266-40DF-BB70-AF76B0BE0824}.Release|Any CPU.ActiveCfg = Release|Any CPU
		{2D06751E-B266-40DF-BB70-AF76B0BE0824}.Release|Any CPU.Build.0 = Release|Any CPU
		{2D06751E-B266-40DF-BB70-AF76B0BE0824}.Release|ARM.ActiveCfg = Release|Any CPU
		{2D06751E-B266-40DF-BB70-AF76B0BE0824}.Release|ARM.Build.0 = Release|Any CPU
		{2D06751E-B266-40DF-BB70-AF76B0BE0824}.Release|iPhone.ActiveCfg = Release|Any CPU
		{2D06751E-B266-40DF-BB70-AF76B0BE0824}.Release|iPhone.Build.0 = Release|Any CPU
		{2D06751E-B266-40DF-BB70-AF76B0BE0824}.Release|iPhoneSimulator.ActiveCfg = Release|Any CPU
		{2D06751E-B266-40DF-BB70-AF76B0BE0824}.Release|iPhoneSimulator.Build.0 = Release|Any CPU
		{2D06751E-B266-40DF-BB70-AF76B0BE0824}.Release|x64.ActiveCfg = Release|Any CPU
		{2D06751E-B266-40DF-BB70-AF76B0BE0824}.Release|x64.Build.0 = Release|Any CPU
		{2D06751E-B266-40DF-BB70-AF76B0BE0824}.Release|x86.ActiveCfg = Release|Any CPU
		{2D06751E-B266-40DF-BB70-AF76B0BE0824}.Release|x86.Build.0 = Release|Any CPU
		{49C74F14-BB22-4C03-A926-D898DDC5552E}.Ad-Hoc|Any CPU.ActiveCfg = Release|x86
		{49C74F14-BB22-4C03-A926-D898DDC5552E}.Ad-Hoc|Any CPU.Build.0 = Release|x86
		{49C74F14-BB22-4C03-A926-D898DDC5552E}.Ad-Hoc|Any CPU.Deploy.0 = Release|x86
		{49C74F14-BB22-4C03-A926-D898DDC5552E}.Ad-Hoc|ARM.ActiveCfg = Release|ARM
		{49C74F14-BB22-4C03-A926-D898DDC5552E}.Ad-Hoc|ARM.Build.0 = Release|ARM
		{49C74F14-BB22-4C03-A926-D898DDC5552E}.Ad-Hoc|ARM.Deploy.0 = Release|ARM
		{49C74F14-BB22-4C03-A926-D898DDC5552E}.Ad-Hoc|iPhone.ActiveCfg = Release|x86
		{49C74F14-BB22-4C03-A926-D898DDC5552E}.Ad-Hoc|iPhone.Build.0 = Release|x86
		{49C74F14-BB22-4C03-A926-D898DDC5552E}.Ad-Hoc|iPhone.Deploy.0 = Release|x86
		{49C74F14-BB22-4C03-A926-D898DDC5552E}.Ad-Hoc|iPhoneSimulator.ActiveCfg = Release|x86
		{49C74F14-BB22-4C03-A926-D898DDC5552E}.Ad-Hoc|iPhoneSimulator.Build.0 = Release|x86
		{49C74F14-BB22-4C03-A926-D898DDC5552E}.Ad-Hoc|iPhoneSimulator.Deploy.0 = Release|x86
		{49C74F14-BB22-4C03-A926-D898DDC5552E}.Ad-Hoc|x64.ActiveCfg = Release|x64
		{49C74F14-BB22-4C03-A926-D898DDC5552E}.Ad-Hoc|x64.Build.0 = Release|x64
		{49C74F14-BB22-4C03-A926-D898DDC5552E}.Ad-Hoc|x64.Deploy.0 = Release|x64
		{49C74F14-BB22-4C03-A926-D898DDC5552E}.Ad-Hoc|x86.ActiveCfg = Release|x86
		{49C74F14-BB22-4C03-A926-D898DDC5552E}.Ad-Hoc|x86.Build.0 = Release|x86
		{49C74F14-BB22-4C03-A926-D898DDC5552E}.Ad-Hoc|x86.Deploy.0 = Release|x86
		{49C74F14-BB22-4C03-A926-D898DDC5552E}.AppStore|Any CPU.ActiveCfg = Release|x86
		{49C74F14-BB22-4C03-A926-D898DDC5552E}.AppStore|Any CPU.Build.0 = Release|x86
		{49C74F14-BB22-4C03-A926-D898DDC5552E}.AppStore|Any CPU.Deploy.0 = Release|x86
		{49C74F14-BB22-4C03-A926-D898DDC5552E}.AppStore|ARM.ActiveCfg = Release|ARM
		{49C74F14-BB22-4C03-A926-D898DDC5552E}.AppStore|ARM.Build.0 = Release|ARM
		{49C74F14-BB22-4C03-A926-D898DDC5552E}.AppStore|ARM.Deploy.0 = Release|ARM
		{49C74F14-BB22-4C03-A926-D898DDC5552E}.AppStore|iPhone.ActiveCfg = Release|x86
		{49C74F14-BB22-4C03-A926-D898DDC5552E}.AppStore|iPhone.Build.0 = Release|x86
		{49C74F14-BB22-4C03-A926-D898DDC5552E}.AppStore|iPhone.Deploy.0 = Release|x86
		{49C74F14-BB22-4C03-A926-D898DDC5552E}.AppStore|iPhoneSimulator.ActiveCfg = Release|x86
		{49C74F14-BB22-4C03-A926-D898DDC5552E}.AppStore|iPhoneSimulator.Build.0 = Release|x86
		{49C74F14-BB22-4C03-A926-D898DDC5552E}.AppStore|iPhoneSimulator.Deploy.0 = Release|x86
		{49C74F14-BB22-4C03-A926-D898DDC5552E}.AppStore|x64.ActiveCfg = Release|x64
		{49C74F14-BB22-4C03-A926-D898DDC5552E}.AppStore|x64.Build.0 = Release|x64
		{49C74F14-BB22-4C03-A926-D898DDC5552E}.AppStore|x64.Deploy.0 = Release|x64
		{49C74F14-BB22-4C03-A926-D898DDC5552E}.AppStore|x86.ActiveCfg = Release|x86
		{49C74F14-BB22-4C03-A926-D898DDC5552E}.AppStore|x86.Build.0 = Release|x86
		{49C74F14-BB22-4C03-A926-D898DDC5552E}.AppStore|x86.Deploy.0 = Release|x86
		{49C74F14-BB22-4C03-A926-D898DDC5552E}.Debug|Any CPU.ActiveCfg = Debug|x86
		{49C74F14-BB22-4C03-A926-D898DDC5552E}.Debug|ARM.ActiveCfg = Debug|ARM
		{49C74F14-BB22-4C03-A926-D898DDC5552E}.Debug|ARM.Build.0 = Debug|ARM
		{49C74F14-BB22-4C03-A926-D898DDC5552E}.Debug|ARM.Deploy.0 = Debug|ARM
		{49C74F14-BB22-4C03-A926-D898DDC5552E}.Debug|iPhone.ActiveCfg = Debug|x86
		{49C74F14-BB22-4C03-A926-D898DDC5552E}.Debug|iPhoneSimulator.ActiveCfg = Debug|x86
		{49C74F14-BB22-4C03-A926-D898DDC5552E}.Debug|x64.ActiveCfg = Debug|x64
		{49C74F14-BB22-4C03-A926-D898DDC5552E}.Debug|x64.Build.0 = Debug|x64
		{49C74F14-BB22-4C03-A926-D898DDC5552E}.Debug|x64.Deploy.0 = Debug|x64
		{49C74F14-BB22-4C03-A926-D898DDC5552E}.Debug|x86.ActiveCfg = Debug|x86
		{49C74F14-BB22-4C03-A926-D898DDC5552E}.Debug|x86.Build.0 = Debug|x86
		{49C74F14-BB22-4C03-A926-D898DDC5552E}.Debug|x86.Deploy.0 = Debug|x86
		{49C74F14-BB22-4C03-A926-D898DDC5552E}.Release|Any CPU.ActiveCfg = Release|x86
		{49C74F14-BB22-4C03-A926-D898DDC5552E}.Release|ARM.ActiveCfg = Release|ARM
		{49C74F14-BB22-4C03-A926-D898DDC5552E}.Release|ARM.Build.0 = Release|ARM
		{49C74F14-BB22-4C03-A926-D898DDC5552E}.Release|ARM.Deploy.0 = Release|ARM
		{49C74F14-BB22-4C03-A926-D898DDC5552E}.Release|iPhone.ActiveCfg = Release|x86
		{49C74F14-BB22-4C03-A926-D898DDC5552E}.Release|iPhoneSimulator.ActiveCfg = Release|x86
		{49C74F14-BB22-4C03-A926-D898DDC5552E}.Release|x64.ActiveCfg = Release|x64
		{49C74F14-BB22-4C03-A926-D898DDC5552E}.Release|x64.Build.0 = Release|x64
		{49C74F14-BB22-4C03-A926-D898DDC5552E}.Release|x64.Deploy.0 = Release|x64
		{49C74F14-BB22-4C03-A926-D898DDC5552E}.Release|x86.ActiveCfg = Release|x86
		{49C74F14-BB22-4C03-A926-D898DDC5552E}.Release|x86.Build.0 = Release|x86
		{49C74F14-BB22-4C03-A926-D898DDC5552E}.Release|x86.Deploy.0 = Release|x86
		{CB73F703-37FF-4A01-81B7-DDB82EA2BBE6}.Ad-Hoc|Any CPU.ActiveCfg = Ad-Hoc|iPhone
		{CB73F703-37FF-4A01-81B7-DDB82EA2BBE6}.Ad-Hoc|ARM.ActiveCfg = Ad-Hoc|iPhone
		{CB73F703-37FF-4A01-81B7-DDB82EA2BBE6}.Ad-Hoc|iPhone.ActiveCfg = Ad-Hoc|iPhone
		{CB73F703-37FF-4A01-81B7-DDB82EA2BBE6}.Ad-Hoc|iPhone.Build.0 = Ad-Hoc|iPhone
		{CB73F703-37FF-4A01-81B7-DDB82EA2BBE6}.Ad-Hoc|iPhoneSimulator.ActiveCfg = Ad-Hoc|iPhoneSimulator
		{CB73F703-37FF-4A01-81B7-DDB82EA2BBE6}.Ad-Hoc|iPhoneSimulator.Build.0 = Ad-Hoc|iPhoneSimulator
		{CB73F703-37FF-4A01-81B7-DDB82EA2BBE6}.Ad-Hoc|x64.ActiveCfg = Ad-Hoc|iPhone
		{CB73F703-37FF-4A01-81B7-DDB82EA2BBE6}.Ad-Hoc|x86.ActiveCfg = Ad-Hoc|iPhone
		{CB73F703-37FF-4A01-81B7-DDB82EA2BBE6}.AppStore|Any CPU.ActiveCfg = AppStore|iPhone
		{CB73F703-37FF-4A01-81B7-DDB82EA2BBE6}.AppStore|ARM.ActiveCfg = AppStore|iPhone
		{CB73F703-37FF-4A01-81B7-DDB82EA2BBE6}.AppStore|iPhone.ActiveCfg = AppStore|iPhone
		{CB73F703-37FF-4A01-81B7-DDB82EA2BBE6}.AppStore|iPhone.Build.0 = AppStore|iPhone
		{CB73F703-37FF-4A01-81B7-DDB82EA2BBE6}.AppStore|iPhoneSimulator.ActiveCfg = AppStore|iPhoneSimulator
		{CB73F703-37FF-4A01-81B7-DDB82EA2BBE6}.AppStore|iPhoneSimulator.Build.0 = AppStore|iPhoneSimulator
		{CB73F703-37FF-4A01-81B7-DDB82EA2BBE6}.AppStore|x64.ActiveCfg = AppStore|iPhone
		{CB73F703-37FF-4A01-81B7-DDB82EA2BBE6}.AppStore|x86.ActiveCfg = AppStore|iPhone
		{CB73F703-37FF-4A01-81B7-DDB82EA2BBE6}.Debug|Any CPU.ActiveCfg = Debug|iPhone
		{CB73F703-37FF-4A01-81B7-DDB82EA2BBE6}.Debug|ARM.ActiveCfg = Debug|iPhone
		{CB73F703-37FF-4A01-81B7-DDB82EA2BBE6}.Debug|iPhone.ActiveCfg = Debug|iPhone
		{CB73F703-37FF-4A01-81B7-DDB82EA2BBE6}.Debug|iPhone.Build.0 = Debug|iPhone
		{CB73F703-37FF-4A01-81B7-DDB82EA2BBE6}.Debug|iPhoneSimulator.ActiveCfg = Debug|iPhoneSimulator
		{CB73F703-37FF-4A01-81B7-DDB82EA2BBE6}.Debug|iPhoneSimulator.Build.0 = Debug|iPhoneSimulator
		{CB73F703-37FF-4A01-81B7-DDB82EA2BBE6}.Debug|x64.ActiveCfg = Debug|iPhone
		{CB73F703-37FF-4A01-81B7-DDB82EA2BBE6}.Debug|x86.ActiveCfg = Debug|iPhone
		{CB73F703-37FF-4A01-81B7-DDB82EA2BBE6}.Release|Any CPU.ActiveCfg = Release|iPhone
		{CB73F703-37FF-4A01-81B7-DDB82EA2BBE6}.Release|ARM.ActiveCfg = Release|iPhone
		{CB73F703-37FF-4A01-81B7-DDB82EA2BBE6}.Release|iPhone.ActiveCfg = Release|iPhone
		{CB73F703-37FF-4A01-81B7-DDB82EA2BBE6}.Release|iPhone.Build.0 = Release|iPhone
		{CB73F703-37FF-4A01-81B7-DDB82EA2BBE6}.Release|iPhoneSimulator.ActiveCfg = Release|iPhoneSimulator
		{CB73F703-37FF-4A01-81B7-DDB82EA2BBE6}.Release|iPhoneSimulator.Build.0 = Release|iPhoneSimulator
		{CB73F703-37FF-4A01-81B7-DDB82EA2BBE6}.Release|x64.ActiveCfg = Release|iPhone
		{CB73F703-37FF-4A01-81B7-DDB82EA2BBE6}.Release|x86.ActiveCfg = Release|iPhone
	EndGlobalSection
	GlobalSection(SolutionProperties) = preSolution
		HideSolutionNode = FALSE
	EndGlobalSection
EndGlobal
